PODS:
  - Masonry (1.0.2)
  - QRCodeMaster (0.0.2):
    - Masonry (~> 1.0.2)

DEPENDENCIES:
  - QRCodeMaster (from `../`)

EXTERNAL SOURCES:
  QRCodeMaster:
    :path: ../

SPEC CHECKSUMS:
  Masonry: 7c429b56da9d4ee0bbb3ed77a5ea710d6a5df39e
  QRCodeMaster: 3246b5b6c05e324445bb622964ba27aaca334a51

PODFILE CHECKSUM: 16c6fd3959dba79e919a4ff64cf1ca4af9d1d09c

COCOAPODS: 1.1.1
